
Microsoft Visual Studio Solution File, Format Version 12.00
# Visual Studio Version 17
VisualStudioVersion = 17.5.33424.131
MinimumVisualStudioVersion = 10.0.40219.1
Project("{FAE04EC0-301F-11D3-BF4B-00C04F79EFBC}") = "ASCIIArtGenerator", "ASCIIArtGenerator.csproj", "{A24B2DB1-4570-43E0-8378-B2E47DAABEC6}"
EndProject
Global
	GlobalSection(SolutionConfigurationPlatforms) = preSolution
		Debug|Any CPU = Debug|Any CPU
		Release|Any CPU = Release|Any CPU
	EndGlobalSection
	GlobalSection(ProjectConfigurationPlatforms) = postSolution
		{A24B2DB1-4570-43E0-8378-B2E47DAABEC6}.Debug|Any CPU.ActiveCfg = Debug|Any CPU
		{A24B2DB1-4570-43E0-8378-B2E47DAABEC6}.Debug|Any CPU.Build.0 = Debug|Any CPU
		{A24B2DB1-4570-43E0-8378-B2E47DAABEC6}.Release|Any CPU.ActiveCfg = Release|Any CPU
		{A24B2DB1-4570-43E0-8378-B2E47DAABEC6}.Release|Any CPU.Build.0 = Release|Any CPU
	EndGlobalSection
	GlobalSection(SolutionProperties) = preSolution
		HideSolutionNode = FALSE
	EndGlobalSection
	GlobalSection(ExtensibilityGlobals) = postSolution
		SolutionGuid = {16232FA3-C625-404D-BDB6-914B66925A5F}
	EndGlobalSection
EndGlobal
